
Microsoft Visual Studio Solution File, Format Version 12.00
# Visual Studio Version 17
VisualStudioVersion = 17.0.32112.339
MinimumVisualStudioVersion = 10.0.40219.1
Project("{FAE04EC0-301F-11D3-BF4B-00C04F79EFBC}") = "BankaProje1", "BankaProje1\BankaProje1.csproj", "{5904434C-1D36-47BE-AAE1-1CF7D977CD9F}"
EndProject
Project("{2150E333-8FDC-42A3-9474-1A3956D46DE8}") = "WinForms", "WinForms", "{858CAEF3-3838-4935-AE52-0B6676217885}"
EndProject
Project("{2150E333-8FDC-42A3-9474-1A3956D46DE8}") = "WPF", "WPF", "{A97A37D9-B95F-4D1A-A7C8-FA5AA97F781A}"
EndProject
Project("{FAE04EC0-301F-11D3-BF4B-00C04F79EFBC}") = "HesapProje1", "HesapProje1\HesapProje1.csproj", "{34F2F585-216A-419F-A4B6-35D5C54FD54A}"
EndProject
Project("{FAE04EC0-301F-11D3-BF4B-00C04F79EFBC}") = "ListeProje1", "ListeProje1\ListeProje1.csproj", "{2CDBE991-6EB4-42E6-9975-778AA10BFD9D}"
EndProject
Project("{FAE04EC0-301F-11D3-BF4B-00C04F79EFBC}") = "GrafikProje1", "GrafikProje1\GrafikProje1.csproj", "{C4BBEAFA-1EDC-4A1E-862E-51784E4D9861}"
EndProject
Project("{FAE04EC0-301F-11D3-BF4B-00C04F79EFBC}") = "Ders1_BankamatikProje", "Ders1_BankamatikProje\Ders1_BankamatikProje.csproj", "{04081C10-B109-46B1-8776-EEDE40C0C8D8}"
EndProject
Project("{FAE04EC0-301F-11D3-BF4B-00C04F79EFBC}") = "Ders2_KargoProje", "Ders2_KargoProje\Ders2_KargoProje.csproj", "{EDCDD4B0-A1C1-4961-A83D-BB1422B9ECB2}"
EndProject
Project("{FAE04EC0-301F-11D3-BF4B-00C04F79EFBC}") = "Ders3_MarketProje", "Ders3_MarketProje\Ders3_MarketProje.csproj", "{A58C7D69-A7DD-4955-BCE9-89FEE96FAF41}"
EndProject
Project("{FAE04EC0-301F-11D3-BF4B-00C04F79EFBC}") = "Ders4_BankaProje", "Ders4_BankaProje\Ders4_BankaProje.csproj", "{4E0D4A9B-3553-462F-9ADD-7CE4B70F3C5F}"
EndProject
Project("{FAE04EC0-301F-11D3-BF4B-00C04F79EFBC}") = "Ders5_ResimProje", "Ders5_ResimProje\Ders5_ResimProje.csproj", "{62EDBEDF-C5FD-4A1E-973E-138227E4E61D}"
EndProject
Global
	GlobalSection(SolutionConfigurationPlatforms) = preSolution
		Debug|Any CPU = Debug|Any CPU
		Release|Any CPU = Release|Any CPU
	EndGlobalSection
	GlobalSection(ProjectConfigurationPlatforms) = postSolution
		{5904434C-1D36-47BE-AAE1-1CF7D977CD9F}.Debug|Any CPU.ActiveCfg = Debug|Any CPU
		{5904434C-1D36-47BE-AAE1-1CF7D977CD9F}.Debug|Any CPU.Build.0 = Debug|Any CPU
		{5904434C-1D36-47BE-AAE1-1CF7D977CD9F}.Release|Any CPU.ActiveCfg = Debug|Any CPU
		{5904434C-1D36-47BE-AAE1-1CF7D977CD9F}.Release|Any CPU.Build.0 = Debug|Any CPU
		{34F2F585-216A-419F-A4B6-35D5C54FD54A}.Debug|Any CPU.ActiveCfg = Debug|Any CPU
		{34F2F585-216A-419F-A4B6-35D5C54FD54A}.Debug|Any CPU.Build.0 = Debug|Any CPU
		{34F2F585-216A-419F-A4B6-35D5C54FD54A}.Release|Any CPU.ActiveCfg = Debug|Any CPU
		{34F2F585-216A-419F-A4B6-35D5C54FD54A}.Release|Any CPU.Build.0 = Debug|Any CPU
		{2CDBE991-6EB4-42E6-9975-778AA10BFD9D}.Debug|Any CPU.ActiveCfg = Debug|Any CPU
		{2CDBE991-6EB4-42E6-9975-778AA10BFD9D}.Debug|Any CPU.Build.0 = Debug|Any CPU
		{2CDBE991-6EB4-42E6-9975-778AA10BFD9D}.Release|Any CPU.ActiveCfg = Release|Any CPU
		{2CDBE991-6EB4-42E6-9975-778AA10BFD9D}.Release|Any CPU.Build.0 = Release|Any CPU
		{C4BBEAFA-1EDC-4A1E-862E-51784E4D9861}.Debug|Any CPU.ActiveCfg = Debug|Any CPU
		{C4BBEAFA-1EDC-4A1E-862E-51784E4D9861}.Debug|Any CPU.Build.0 = Debug|Any CPU
		{C4BBEAFA-1EDC-4A1E-862E-51784E4D9861}.Release|Any CPU.ActiveCfg = Release|Any CPU
		{C4BBEAFA-1EDC-4A1E-862E-51784E4D9861}.Release|Any CPU.Build.0 = Release|Any CPU
		{04081C10-B109-46B1-8776-EEDE40C0C8D8}.Debug|Any CPU.ActiveCfg = Debug|Any CPU
		{04081C10-B109-46B1-8776-EEDE40C0C8D8}.Debug|Any CPU.Build.0 = Debug|Any CPU
		{04081C10-B109-46B1-8776-EEDE40C0C8D8}.Release|Any CPU.ActiveCfg = Release|Any CPU
		{04081C10-B109-46B1-8776-EEDE40C0C8D8}.Release|Any CPU.Build.0 = Release|Any CPU
		{EDCDD4B0-A1C1-4961-A83D-BB1422B9ECB2}.Debug|Any CPU.ActiveCfg = Debug|Any CPU
		{EDCDD4B0-A1C1-4961-A83D-BB1422B9ECB2}.Debug|Any CPU.Build.0 = Debug|Any CPU
		{EDCDD4B0-A1C1-4961-A83D-BB1422B9ECB2}.Release|Any CPU.ActiveCfg = Release|Any CPU
		{EDCDD4B0-A1C1-4961-A83D-BB1422B9ECB2}.Release|Any CPU.Build.0 = Release|Any CPU
		{A58C7D69-A7DD-4955-BCE9-89FEE96FAF41}.Debug|Any CPU.ActiveCfg = Debug|Any CPU
		{A58C7D69-A7DD-4955-BCE9-89FEE96FAF41}.Debug|Any CPU.Build.0 = Debug|Any CPU
		{A58C7D69-A7DD-4955-BCE9-89FEE96FAF41}.Release|Any CPU.ActiveCfg = Release|Any CPU
		{A58C7D69-A7DD-4955-BCE9-89FEE96FAF41}.Release|Any CPU.Build.0 = Release|Any CPU
		{4E0D4A9B-3553-462F-9ADD-7CE4B70F3C5F}.Debug|Any CPU.ActiveCfg = Debug|Any CPU
		{4E0D4A9B-3553-462F-9ADD-7CE4B70F3C5F}.Debug|Any CPU.Build.0 = Debug|Any CPU
		{4E0D4A9B-3553-462F-9ADD-7CE4B70F3C5F}.Release|Any CPU.ActiveCfg = Release|Any CPU
		{4E0D4A9B-3553-462F-9ADD-7CE4B70F3C5F}.Release|Any CPU.Build.0 = Release|Any CPU
		{62EDBEDF-C5FD-4A1E-973E-138227E4E61D}.Debug|Any CPU.ActiveCfg = Debug|Any CPU
		{62EDBEDF-C5FD-4A1E-973E-138227E4E61D}.Debug|Any CPU.Build.0 = Debug|Any CPU
		{62EDBEDF-C5FD-4A1E-973E-138227E4E61D}.Release|Any CPU.ActiveCfg = Release|Any CPU
		{62EDBEDF-C5FD-4A1E-973E-138227E4E61D}.Release|Any CPU.Build.0 = Release|Any CPU
	EndGlobalSection
	GlobalSection(SolutionProperties) = preSolution
		HideSolutionNode = FALSE
	EndGlobalSection
	GlobalSection(NestedProjects) = preSolution
		{5904434C-1D36-47BE-AAE1-1CF7D977CD9F} = {858CAEF3-3838-4935-AE52-0B6676217885}
		{34F2F585-216A-419F-A4B6-35D5C54FD54A} = {858CAEF3-3838-4935-AE52-0B6676217885}
		{2CDBE991-6EB4-42E6-9975-778AA10BFD9D} = {858CAEF3-3838-4935-AE52-0B6676217885}
		{C4BBEAFA-1EDC-4A1E-862E-51784E4D9861} = {858CAEF3-3838-4935-AE52-0B6676217885}
		{04081C10-B109-46B1-8776-EEDE40C0C8D8} = {A97A37D9-B95F-4D1A-A7C8-FA5AA97F781A}
		{EDCDD4B0-A1C1-4961-A83D-BB1422B9ECB2} = {A97A37D9-B95F-4D1A-A7C8-FA5AA97F781A}
		{A58C7D69-A7DD-4955-BCE9-89FEE96FAF41} = {A97A37D9-B95F-4D1A-A7C8-FA5AA97F781A}
		{4E0D4A9B-3553-462F-9ADD-7CE4B70F3C5F} = {A97A37D9-B95F-4D1A-A7C8-FA5AA97F781A}
		{62EDBEDF-C5FD-4A1E-973E-138227E4E61D} = {A97A37D9-B95F-4D1A-A7C8-FA5AA97F781A}
	EndGlobalSection
	GlobalSection(ExtensibilityGlobals) = postSolution
		SolutionGuid = {EB23C902-E163-436F-9968-DA9562262871}
	EndGlobalSection
EndGlobal
